
Microsoft Visual Studio Solution File, Format Version 12.00
# Visual Studio Version 17
VisualStudioVersion = 17.3.32901.215
MinimumVisualStudioVersion = 10.0.40219.1
Project("{8BC9CEB8-8B4A-11D0-8D11-00A0C91BC942}") = "EG4912_Project", "EG4912_Project\EG4912_Project.vcxproj", "{6DF548C0-EA19-4AA1-93E7-62DC8BA1CAAA}"
EndProject
Global
	GlobalSection(SolutionConfigurationPlatforms) = preSolution
		Debug|x64 = Debug|x64
		Debug|x86 = Debug|x86
		Release|x64 = Release|x64
		Release|x86 = Release|x86
	EndGlobalSection
	GlobalSection(ProjectConfigurationPlatforms) = postSolution
		{6DF548C0-EA19-4AA1-93E7-62DC8BA1CAAA}.Debug|x64.ActiveCfg = Debug|x64
		{6DF548C0-EA19-4AA1-93E7-62DC8BA1CAAA}.Debug|x64.Build.0 = Debug|x64
		{6DF548C0-EA19-4AA1-93E7-62DC8BA1CAAA}.Debug|x86.ActiveCfg = Debug|Win32
		{6DF548C0-EA19-4AA1-93E7-62DC8BA1CAAA}.Debug|x86.Build.0 = Debug|Win32
		{6DF548C0-EA19-4AA1-93E7-62DC8BA1CAAA}.Release|x64.ActiveCfg = Release|x64
		{6DF548C0-EA19-4AA1-93E7-62DC8BA1CAAA}.Release|x64.Build.0 = Release|x64
		{6DF548C0-EA19-4AA1-93E7-62DC8BA1CAAA}.Release|x86.ActiveCfg = Release|Win32
		{6DF548C0-EA19-4AA1-93E7-62DC8BA1CAAA}.Release|x86.Build.0 = Release|Win32
	EndGlobalSection
	GlobalSection(SolutionProperties) = preSolution
		HideSolutionNode = FALSE
	EndGlobalSection
	GlobalSection(ExtensibilityGlobals) = postSolution
		SolutionGuid = {CDC37705-A411-42A1-B0C8-8E194FDCDF13}
	EndGlobalSection
EndGlobal
